// !$*UTF8*$!
{
	archiveVersion = 1;
	classes = {
	};
	objectVersion = 55;
	objects = {

/* Begin PBXBuildFile section */
		A7799ED928BCA52D0056A33B /* AppDelegate.swift in Sources */ = {isa = PBXBuildFile; fileRef = A7799ED828BCA52D0056A33B /* AppDelegate.swift */; };
		A7799EDB28BCA52D0056A33B /* SceneDelegate.swift in Sources */ = {isa = PBXBuildFile; fileRef = A7799EDA28BCA52D0056A33B /* SceneDelegate.swift */; };
		A7799EDD28BCA52D0056A33B /* ViewController.swift in Sources */ = {isa = PBXBuildFile; fileRef = A7799EDC28BCA52D0056A33B /* ViewController.swift */; };
		A7799EE028BCA52D0056A33B /* Main.storyboard in Resources */ = {isa = PBXBuildFile; fileRef = A7799EDE28BCA52D0056A33B /* Main.storyboard */; };
		A7799EE228BCA52E0056A33B /* Assets.xcassets in Resources */ = {isa = PBXBuildFile; fileRef = A7799EE128BCA52E0056A33B /* Assets.xcassets */; };
		A7799EE528BCA52E0056A33B /* LaunchScreen.storyboard in Resources */ = {isa = PBXBuildFile; fileRef = A7799EE328BCA52E0056A33B /* LaunchScreen.storyboard */; };
		A7799EF028BCA52E0056A33B /* HelloiOSTests.swift in Sources */ = {isa = PBXBuildFile; fileRef = A7799EEF28BCA52E0056A33B /* HelloiOSTests.swift */; };
		A7799EFA28BCA52E0056A33B /* HelloiOSUITests.swift in Sources */ = {isa = PBXBuildFile; fileRef = A7799EF928BCA52E0056A33B /* HelloiOSUITests.swift */; };
		A7799EFC28BCA52E0056A33B /* HelloiOSUITestsLaunchTests.swift in Sources */ = {isa = PBXBuildFile; fileRef = A7799EFB28BCA52E0056A33B /* HelloiOSUITestsLaunchTests.swift */; };
/* End PBXBuildFile section */

/* Begin PBXContainerItemProxy section */
		A7799EEC28BCA52E0056A33B /* PBXContainerItemProxy */ = {
			isa = PBXContainerItemProxy;
			containerPortal = A7799ECD28BCA52D0056A33B /* Project object */;
			proxyType = 1;
			remoteGlobalIDString = A7799ED428BCA52D0056A33B;
			remoteInfo = HelloiOS;
		};
		A7799EF628BCA52E0056A33B /* PBXContainerItemProxy */ = {
			isa = PBXContainerItemProxy;
			containerPortal = A7799ECD28BCA52D0056A33B /* Project object */;
			proxyType = 1;
			remoteGlobalIDString = A7799ED428BCA52D0056A33B;
			remoteInfo = HelloiOS;
		};
/* End PBXContainerItemProxy section */

/* Begin PBXFileReference section */
		A7799ED528BCA52D0056A33B /* HelloiOS.app */ = {isa = PBXFileReference; explicitFileType = wrapper.application; includeInIndex = 0; path = HelloiOS.app; sourceTree = BUILT_PRODUCTS_DIR; };
		A7799ED828BCA52D0056A33B /* AppDelegate.swift */ = {isa = PBXFileReference; lastKnownFileType = sourcecode.swift; path = AppDelegate.swift; sourceTree = "<group>"; };
		A7799EDA28BCA52D0056A33B /* SceneDelegate.swift */ = {isa = PBXFileReference; lastKnownFileType = sourcecode.swift; path = SceneDelegate.swift; sourceTree = "<group>"; };
		A7799EDC28BCA52D0056A33B /* ViewController.swift */ = {isa = PBXFileReference; lastKnownFileType = sourcecode.swift; path = ViewController.swift; sourceTree = "<group>"; };
		A7799EDF28BCA52D0056A33B /* Base */ = {isa = PBXFileReference; lastKnownFileType = file.storyboard; name = Base; path = Base.lproj/Main.storyboard; sourceTree = "<group>"; };
		A7799EE128BCA52E0056A33B /* Assets.xcassets */ = {isa = PBXFileReference; lastKnownFileType = folder.assetcatalog; path = Assets.xcassets; sourceTree = "<group>"; };
		A7799EE428BCA52E0056A33B /* Base */ = {isa = PBXFileReference; lastKnownFileType = file.storyboard; name = Base; path = Base.lproj/LaunchScreen.storyboard; sourceTree = "<group>"; };
		A7799EE628BCA52E0056A33B /* Info.plist */ = {isa = PBXFileReference; lastKnownFileType = text.plist.xml; path = Info.plist; sourceTree = "<group>"; };
		A7799EEB28BCA52E0056A33B /* HelloiOSTests.xctest */ = {isa = PBXFileReference; explicitFileType = wrapper.cfbundle; includeInIndex = 0; path = HelloiOSTests.xctest; sourceTree = BUILT_PRODUCTS_DIR; };
		A7799EEF28BCA52E0056A33B /* HelloiOSTests.swift */ = {isa = PBXFileReference; lastKnownFileType = sourcecode.swift; path = HelloiOSTests.swift; sourceTree = "<group>"; };
		A7799EF528BCA52E0056A33B /* HelloiOSUITests.xctest */ = {isa = PBXFileReference; explicitFileType = wrapper.cfbundle; includeInIndex = 0; path = HelloiOSUITests.xctest; sourceTree = BUILT_PRODUCTS_DIR; };
		A7799EF928BCA52E0056A33B /* HelloiOSUITests.swift */ = {isa = PBXFileReference; lastKnownFileType = sourcecode.swift; path = HelloiOSUITests.swift; sourceTree = "<group>"; };
		A7799EFB28BCA52E0056A33B /* HelloiOSUITestsLaunchTests.swift */ = {isa = PBXFileReference; lastKnownFileType = sourcecode.swift; path = HelloiOSUITestsLaunchTests.swift; sourceTree = "<group>"; };
/* End PBXFileReference section */

/* Begin PBXFrameworksBuildPhase section */
		A7799ED228BCA52D0056A33B /* Frameworks */ = {
			isa = PBXFrameworksBuildPhase;
			buildActionMask = 2147483647;
			files = (
			);
			runOnlyForDeploymentPostprocessing = 0;
		};
		A7799EE828BCA52E0056A33B /* Frameworks */ = {
			isa = PBXFrameworksBuildPhase;
			buildActionMask = 2147483647;
			files = (
			);
			runOnlyForDeploymentPostprocessing = 0;
		};
		A7799EF228BCA52E0056A33B /* Frameworks */ = {
			isa = PBXFrameworksBuildPhase;
			buildActionMask = 2147483647;
			files = (
			);
			runOnlyForDeploymentPostprocessing = 0;
		};
/* End PBXFrameworksBuildPhase section */

/* Begin PBXGroup section */
		A7799ECC28BCA52D0056A33B = {
			isa = PBXGroup;
			children = (
				A7799ED728BCA52D0056A33B /* HelloiOS */,
				A7799EEE28BCA52E0056A33B /* HelloiOSTests */,
				A7799EF828BCA52E0056A33B /* HelloiOSUITests */,
				A7799ED628BCA52D0056A33B /* Products */,
			);
			sourceTree = "<group>";
		};
		A7799ED628BCA52D0056A33B /* Products */ = {
			isa = PBXGroup;
			children = (
				A7799ED528BCA52D0056A33B /* HelloiOS.app */,
				A7799EEB28BCA52E0056A33B /* HelloiOSTests.xctest */,
				A7799EF528BCA52E0056A33B /* HelloiOSUITests.xctest */,
			);
			name = Products;
			sourceTree = "<group>";
		};
		A7799ED728BCA52D0056A33B /* HelloiOS */ = {
			isa = PBXGroup;
			children = (
				A7799ED828BCA52D0056A33B /* AppDelegate.swift */,
				A7799EDA28BCA52D0056A33B /* SceneDelegate.swift */,
				A7799EDC28BCA52D0056A33B /* ViewController.swift */,
				A7799EDE28BCA52D0056A33B /* Main.storyboard */,
				A7799EE128BCA52E0056A33B /* Assets.xcassets */,
				A7799EE328BCA52E0056A33B /* LaunchScreen.storyboard */,
				A7799EE628BCA52E0056A33B /* Info.plist */,
			);
			path = HelloiOS;
			sourceTree = "<group>";
		};
		A7799EEE28BCA52E0056A33B /* HelloiOSTests */ = {
			isa = PBXGroup;
			children = (
				A7799EEF28BCA52E0056A33B /* HelloiOSTests.swift */,
			);
			path = HelloiOSTests;
			sourceTree = "<group>";
		};
		A7799EF828BCA52E0056A33B /* HelloiOSUITests */ = {
			isa = PBXGroup;
			children = (
				A7799EF928BCA52E0056A33B /* HelloiOSUITests.swift */,
				A7799EFB28BCA52E0056A33B /* HelloiOSUITestsLaunchTests.swift */,
			);
			path = HelloiOSUITests;
			sourceTree = "<group>";
		};
/* End PBXGroup section */

/* Begin PBXNativeTarget section */
		A7799ED428BCA52D0056A33B /* HelloiOS */ = {
			isa = PBXNativeTarget;
			buildConfigurationList = A7799EFF28BCA52E0056A33B /* Build configuration list for PBXNativeTarget "HelloiOS" */;
			buildPhases = (
				A7799ED128BCA52D0056A33B /* Sources */,
				A7799ED228BCA52D0056A33B /* Frameworks */,
				A7799ED328BCA52D0056A33B /* Resources */,
			);
			buildRules = (
			);
			dependencies = (
			);
			name = HelloiOS;
			productName = HelloiOS;
			productReference = A7799ED528BCA52D0056A33B /* HelloiOS.app */;
			productType = "com.apple.product-type.application";
		};
		A7799EEA28BCA52E0056A33B /* HelloiOSTests */ = {
			isa = PBXNativeTarget;
			buildConfigurationList = A7799F0228BCA52E0056A33B /* Build configuration list for PBXNativeTarget "HelloiOSTests" */;
			buildPhases = (
				A7799EE728BCA52E0056A33B /* Sources */,
				A7799EE828BCA52E0056A33B /* Frameworks */,
				A7799EE928BCA52E0056A33B /* Resources */,
			);
			buildRules = (
			);
			dependencies = (
				A7799EED28BCA52E0056A33B /* PBXTargetDependency */,
			);
			name = HelloiOSTests;
			productName = HelloiOSTests;
			productReference = A7799EEB28BCA52E0056A33B /* HelloiOSTests.xctest */;
			productType = "com.apple.product-type.bundle.unit-test";
		};
		A7799EF428BCA52E0056A33B /* HelloiOSUITests */ = {
			isa = PBXNativeTarget;
			buildConfigurationList = A7799F0528BCA52E0056A33B /* Build configuration list for PBXNativeTarget "HelloiOSUITests" */;
			buildPhases = (
				A7799EF128BCA52E0056A33B /* Sources */,
				A7799EF228BCA52E0056A33B /* Frameworks */,
				A7799EF328BCA52E0056A33B /* Resources */,
			);
			buildRules = (
			);
			dependencies = (
				A7799EF728BCA52E0056A33B /* PBXTargetDependency */,
			);
			name = HelloiOSUITests;
			productName = HelloiOSUITests;
			productReference = A7799EF528BCA52E0056A33B /* HelloiOSUITests.xctest */;
			productType = "com.apple.product-type.bundle.ui-testing";
		};
/* End PBXNativeTarget section */

/* Begin PBXProject section */
		A7799ECD28BCA52D0056A33B /* Project object */ = {
			isa = PBXProject;
			attributes = {
				BuildIndependentTargetsInParallel = 1;
				LastSwiftUpdateCheck = 1320;
				LastUpgradeCheck = 1320;
				TargetAttributes = {
					A7799ED428BCA52D0056A33B = {
						CreatedOnToolsVersion = 13.2;
					};
					A7799EEA28BCA52E0056A33B = {
						CreatedOnToolsVersion = 13.2;
						TestTargetID = A7799ED428BCA52D0056A33B;
					};
					A7799EF428BCA52E0056A33B = {
						CreatedOnToolsVersion = 13.2;
						TestTargetID = A7799ED428BCA52D0056A33B;
					};
				};
			};
			buildConfigurationList = A7799ED028BCA52D0056A33B /* Build configuration list for PBXProject "HelloiOS" */;
			compatibilityVersion = "Xcode 13.0";
			developmentRegion = en;
			hasScannedForEncodings = 0;
			knownRegions = (
				en,
				Base,
			);
			mainGroup = A7799ECC28BCA52D0056A33B;
			productRefGroup = A7799ED628BCA52D0056A33B /* Products */;
			projectDirPath = "";
			projectRoot = "";
			targets = (
				A7799ED428BCA52D0056A33B /* HelloiOS */,
				A7799EEA28BCA52E0056A33B /* HelloiOSTests */,
				A7799EF428BCA52E0056A33B /* HelloiOSUITests */,
			);
		};
/* End PBXProject section */

/* Begin PBXResourcesBuildPhase section */
		A7799ED328BCA52D0056A33B /* Resources */ = {
			isa = PBXResourcesBuildPhase;
			buildActionMask = 2147483647;
			files = (
				A7799EE528BCA52E0056A33B /* LaunchScreen.storyboard in Resources */,
				A7799EE228BCA52E0056A33B /* Assets.xcassets in Resources */,
				A7799EE028BCA52D0056A33B /* Main.storyboard in Resources */,
			);
			runOnlyForDeploymentPostprocessing = 0;
		};
		A7799EE928BCA52E0056A33B /* Resources */ = {
			isa = PBXResourcesBuildPhase;
			buildActionMask = 2147483647;
			files = (
			);
			runOnlyForDeploymentPostprocessing = 0;
		};
		A7799EF328BCA52E0056A33B /* Resources */ = {
			isa = PBXResourcesBuildPhase;
			buildActionMask = 2147483647;
			files = (
			);
			runOnlyForDeploymentPostprocessing = 0;
		};
/* End PBXResourcesBuildPhase section */

/* Begin PBXSourcesBuildPhase section */
		A7799ED128BCA52D0056A33B /* Sources */ = {
			isa = PBXSourcesBuildPhase;
			buildActionMask = 2147483647;
			files = (
				A7799EDD28BCA52D0056A33B /* ViewController.swift in Sources */,
				A7799ED928BCA52D0056A33B /* AppDelegate.swift in Sources */,
				A7799EDB28BCA52D0056A33B /* SceneDelegate.swift in Sources */,
			);
			runOnlyForDeploymentPostprocessing = 0;
		};
		A7799EE728BCA52E0056A33B /* Sources */ = {
			isa = PBXSourcesBuildPhase;
			buildActionMask = 2147483647;
			files = (
				A7799EF028BCA52E0056A33B /* HelloiOSTests.swift in Sources */,
			);
			runOnlyForDeploymentPostprocessing = 0;
		};
		A7799EF128BCA52E0056A33B /* Sources */ = {
			isa = PBXSourcesBuildPhase;
			buildActionMask = 2147483647;
			files = (
				A7799EFC28BCA52E0056A33B /* HelloiOSUITestsLaunchTests.swift in Sources */,
				A7799EFA28BCA52E0056A33B /* HelloiOSUITests.swift in Sources */,
			);
			runOnlyForDeploymentPostprocessing = 0;
		};
/* End PBXSourcesBuildPhase section */

/* Begin PBXTargetDependency section */
		A7799EED28BCA52E0056A33B /* PBXTargetDependency */ = {
			isa = PBXTargetDependency;
			target = A7799ED428BCA52D0056A33B /* HelloiOS */;
			targetProxy = A7799EEC28BCA52E0056A33B /* PBXContainerItemProxy */;
		};
		A7799EF728BCA52E0056A33B /* PBXTargetDependency */ = {
			isa = PBXTargetDependency;
			target = A7799ED428BCA52D0056A33B /* HelloiOS */;
			targetProxy = A7799EF628BCA52E0056A33B /* PBXContainerItemProxy */;
		};
/* End PBXTargetDependency section */

/* Begin PBXVariantGroup section */
		A7799EDE28BCA52D0056A33B /* Main.storyboard */ = {
			isa = PBXVariantGroup;
			children = (
				A7799EDF28BCA52D0056A33B /* Base */,
			);
			name = Main.storyboard;
			sourceTree = "<group>";
		};
		A7799EE328BCA52E0056A33B /* LaunchScreen.storyboard */ = {
			isa = PBXVariantGroup;
			children = (
				A7799EE428BCA52E0056A33B /* Base */,
			);
			name = LaunchScreen.storyboard;
			sourceTree = "<group>";
		};
/* End PBXVariantGroup section */

/* Begin XCBuildConfiguration section */
		A7799EFD28BCA52E0056A33B /* Debug */ = {
			isa = XCBuildConfiguration;
			buildSettings = {
				ALWAYS_SEARCH_USER_PATHS = NO;
				CLANG_ANALYZER_NONNULL = YES;
				CLANG_ANALYZER_NUMBER_OBJECT_CONVERSION = YES_AGGRESSIVE;
				CLANG_CXX_LANGUAGE_STANDARD = "gnu++17";
				CLANG_CXX_LIBRARY = "libc++";
				CLANG_ENABLE_MODULES = YES;
				CLANG_ENABLE_OBJC_ARC = YES;
				CLANG_ENABLE_OBJC_WEAK = YES;
				CLANG_WARN_BLOCK_CAPTURE_AUTORELEASING = YES;
				CLANG_WARN_BOOL_CONVERSION = YES;
				CLANG_WARN_COMMA = YES;
				CLANG_WARN_CONSTANT_CONVERSION = YES;
				CLANG_WARN_DEPRECATED_OBJC_IMPLEMENTATIONS = YES;
				CLANG_WARN_DIRECT_OBJC_ISA_USAGE = YES_ERROR;
				CLANG_WARN_DOCUMENTATION_COMMENTS = YES;
				CLANG_WARN_EMPTY_BODY = YES;
				CLANG_WARN_ENUM_CONVERSION = YES;
				CLANG_WARN_INFINITE_RECURSION = YES;
				CLANG_WARN_INT_CONVERSION = YES;
				CLANG_WARN_NON_LITERAL_NULL_CONVERSION = YES;
				CLANG_WARN_OBJC_IMPLICIT_RETAIN_SELF = YES;
				CLANG_WARN_OBJC_LITERAL_CONVERSION = YES;
				CLANG_WARN_OBJC_ROOT_CLASS = YES_ERROR;
				CLANG_WARN_QUOTED_INCLUDE_IN_FRAMEWORK_HEADER = YES;
				CLANG_WARN_RANGE_LOOP_ANALYSIS = YES;
				CLANG_WARN_STRICT_PROTOTYPES = YES;
				CLANG_WARN_SUSPICIOUS_MOVE = YES;
				CLANG_WARN_UNGUARDED_AVAILABILITY = YES_AGGRESSIVE;
				CLANG_WARN_UNREACHABLE_CODE = YES;
				CLANG_WARN__DUPLICATE_METHOD_MATCH = YES;
				COPY_PHASE_STRIP = NO;
				DEBUG_INFORMATION_FORMAT = dwarf;
				ENABLE_STRICT_OBJC_MSGSEND = YES;
				ENABLE_TESTABILITY = YES;
				GCC_C_LANGUAGE_STANDARD = gnu11;
				GCC_DYNAMIC_NO_PIC = NO;
				GCC_NO_COMMON_BLOCKS = YES;
				GCC_OPTIMIZATION_LEVEL = 0;
				GCC_PREPROCESSOR_DEFINITIONS = (
					"DEBUG=1",
					"$(inherited)",
				);
				GCC_WARN_64_TO_32_BIT_CONVERSION = YES;
				GCC_WARN_ABOUT_RETURN_TYPE = YES_ERROR;
				GCC_WARN_UNDECLARED_SELECTOR = YES;
				GCC_WARN_UNINITIALIZED_AUTOS = YES_AGGRESSIVE;
				GCC_WARN_UNUSED_FUNCTION = YES;
				GCC_WARN_UNUSED_VARIABLE = YES;
				IPHONEOS_DEPLOYMENT_TARGET = 15.2;
				MTL_ENABLE_DEBUG_INFO = INCLUDE_SOURCE;
				MTL_FAST_MATH = YES;
				ONLY_ACTIVE_ARCH = YES;
				SDKROOT = iphoneos;
				SWIFT_ACTIVE_COMPILATION_CONDITIONS = DEBUG;
				SWIFT_OPTIMIZATION_LEVEL = "-Onone";
			};
			name = Debug;
		};
		A7799EFE28BCA52E0056A33B /* Release */ = {
			isa = XCBuildConfiguration;
			buildSettings = {
				ALWAYS_SEARCH_USER_PATHS = NO;
				CLANG_ANALYZER_NONNULL = YES;
				CLANG_ANALYZER_NUMBER_OBJECT_CONVERSION = YES_AGGRESSIVE;
				CLANG_CXX_LANGUAGE_STANDARD = "gnu++17";
				CLANG_CXX_LIBRARY = "libc++";
				CLANG_ENABLE_MODULES = YES;
				CLANG_ENABLE_OBJC_ARC = YES;
				CLANG_ENABLE_OBJC_WEAK = YES;
				CLANG_WARN_BLOCK_CAPTURE_AUTORELEASING = YES;
				CLANG_WARN_BOOL_CONVERSION = YES;
				CLANG_WARN_COMMA = YES;
				CLANG_WARN_CONSTANT_CONVERSION = YES;
				CLANG_WARN_DEPRECATED_OBJC_IMPLEMENTATIONS = YES;
				CLANG_WARN_DIRECT_OBJC_ISA_USAGE = YES_ERROR;
				CLANG_WARN_DOCUMENTATION_COMMENTS = YES;
				CLANG_WARN_EMPTY_BODY = YES;
				CLANG_WARN_ENUM_CONVERSION = YES;
				CLANG_WARN_INFINITE_RECURSION = YES;
				CLANG_WARN_INT_CONVERSION = YES;
				CLANG_WARN_NON_LITERAL_NULL_CONVERSION = YES;
				CLANG_WARN_OBJC_IMPLICIT_RETAIN_SELF = YES;
				CLANG_WARN_OBJC_LITERAL_CONVERSION = YES;
				CLANG_WARN_OBJC_ROOT_CLASS = YES_ERROR;
				CLANG_WARN_QUOTED_INCLUDE_IN_FRAMEWORK_HEADER = YES;
				CLANG_WARN_RANGE_LOOP_ANALYSIS = YES;
				CLANG_WARN_STRICT_PROTOTYPES = YES;
				CLANG_WARN_SUSPICIOUS_MOVE = YES;
				CLANG_WARN_UNGUARDED_AVAILABILITY = YES_AGGRESSIVE;
				CLANG_WARN_UNREACHABLE_CODE = YES;
				CLANG_WARN__DUPLICATE_METHOD_MATCH = YES;
				COPY_PHASE_STRIP = NO;
				DEBUG_INFORMATION_FORMAT = "dwarf-with-dsym";
				ENABLE_NS_ASSERTIONS = NO;
				ENABLE_STRICT_OBJC_MSGSEND = YES;
				GCC_C_LANGUAGE_STANDARD = gnu11;
				GCC_NO_COMMON_BLOCKS = YES;
				GCC_WARN_64_TO_32_BIT_CONVERSION = YES;
				GCC_WARN_ABOUT_RETURN_TYPE = YES_ERROR;
				GCC_WARN_UNDECLARED_SELECTOR = YES;
				GCC_WARN_UNINITIALIZED_AUTOS = YES_AGGRESSIVE;
				GCC_WARN_UNUSED_FUNCTION = YES;
				GCC_WARN_UNUSED_VARIABLE = YES;
				IPHONEOS_DEPLOYMENT_TARGET = 15.2;
				MTL_ENABLE_DEBUG_INFO = NO;
				MTL_FAST_MATH = YES;
				SDKROOT = iphoneos;
				SWIFT_COMPILATION_MODE = wholemodule;
				SWIFT_OPTIMIZATION_LEVEL = "-O";
				VALIDATE_PRODUCT = YES;
			};
			name = Release;
		};
		A7799F0028BCA52E0056A33B /* Debug */ = {
			isa = XCBuildConfiguration;
			buildSettings = {
				ASSETCATALOG_COMPILER_APPICON_NAME = AppIcon;
				ASSETCATALOG_COMPILER_GLOBAL_ACCENT_COLOR_NAME = AccentColor;
				CODE_SIGN_STYLE = Automatic;
				CURRENT_PROJECT_VERSION = 1;
				DEVELOPMENT_TEAM = KP3Q74P96R;
				GENERATE_INFOPLIST_FILE = YES;
				INFOPLIST_FILE = HelloiOS/Info.plist;
				INFOPLIST_KEY_UIApplicationSupportsIndirectInputEvents = YES;
				INFOPLIST_KEY_UILaunchStoryboardName = LaunchScreen;
				INFOPLIST_KEY_UIMainStoryboardFile = Main;
				INFOPLIST_KEY_UISupportedInterfaceOrientations_iPad = "UIInterfaceOrientationPortrait UIInterfaceOrientationPortraitUpsideDown UIInterfaceOrientationLandscapeLeft UIInterfaceOrientationLandscapeRight";
				INFOPLIST_KEY_UISupportedInterfaceOrientations_iPhone = "UIInterfaceOrientationPortrait UIInterfaceOrientationLandscapeLeft UIInterfaceOrientationLandscapeRight";
				LD_RUNPATH_SEARCH_PATHS = (
					"$(inherited)",
					"@executable_path/Frameworks",
				);
				MARKETING_VERSION = 1.0;
				PRODUCT_BUNDLE_IDENTIFIER = com.junghun.HelloiOS;
				PRODUCT_NAME = "$(TARGET_NAME)";
				SWIFT_EMIT_LOC_STRINGS = YES;
				SWIFT_VERSION = 5.0;
				TARGETED_DEVICE_FAMILY = "1,2";
			};
			name = Debug;
		};
		A7799F0128BCA52E0056A33B /* Release */ = {
			isa = XCBuildConfiguration;
			buildSettings = {
				ASSETCATALOG_COMPILER_APPICON_NAME = AppIcon;
				ASSETCATALOG_COMPILER_GLOBAL_ACCENT_COLOR_NAME = AccentColor;
				CODE_SIGN_STYLE = Automatic;
				CURRENT_PROJECT_VERSION = 1;
				DEVELOPMENT_TEAM = KP3Q74P96R;
				GENERATE_INFOPLIST_FILE = YES;
				INFOPLIST_FILE = HelloiOS/Info.plist;
				INFOPLIST_KEY_UIApplicationSupportsIndirectInputEvents = YES;
				INFOPLIST_KEY_UILaunchStoryboardName = LaunchScreen;
				INFOPLIST_KEY_UIMainStoryboardFile = Main;
				INFOPLIST_KEY_UISupportedInterfaceOrientations_iPad = "UIInterfaceOrientationPortrait UIInterfaceOrientationPortraitUpsideDown UIInterfaceOrientationLandscapeLeft UIInterfaceOrientationLandscapeRight";
				INFOPLIST_KEY_UISupportedInterfaceOrientations_iPhone = "UIInterfaceOrientationPortrait UIInterfaceOrientationLandscapeLeft UIInterfaceOrientationLandscapeRight";
				LD_RUNPATH_SEARCH_PATHS = (
					"$(inherited)",
					"@executable_path/Frameworks",
				);
				MARKETING_VERSION = 1.0;
				PRODUCT_BUNDLE_IDENTIFIER = com.junghun.HelloiOS;
				PRODUCT_NAME = "$(TARGET_NAME)";
				SWIFT_EMIT_LOC_STRINGS = YES;
				SWIFT_VERSION = 5.0;
				TARGETED_DEVICE_FAMILY = "1,2";
			};
			name = Release;
		};
		A7799F0328BCA52E0056A33B /* Debug */ = {
			isa = XCBuildConfiguration;
			buildSettings = {
				ALWAYS_EMBED_SWIFT_STANDARD_LIBRARIES = YES;
				BUNDLE_LOADER = "$(TEST_HOST)";
				CODE_SIGN_STYLE = Automatic;
				CURRENT_PROJECT_VERSION = 1;
				DEVELOPMENT_TEAM = KP3Q74P96R;
				GENERATE_INFOPLIST_FILE = YES;
				IPHONEOS_DEPLOYMENT_TARGET = 15.2;
				MARKETING_VERSION = 1.0;
				PRODUCT_BUNDLE_IDENTIFIER = com.junghun.HelloiOSTests;
				PRODUCT_NAME = "$(TARGET_NAME)";
				SWIFT_EMIT_LOC_STRINGS = NO;
				SWIFT_VERSION = 5.0;
				TARGETED_DEVICE_FAMILY = "1,2";
				TEST_HOST = "$(BUILT_PRODUCTS_DIR)/HelloiOS.app/HelloiOS";
			};
			name = Debug;
		};
		A7799F0428BCA52E0056A33B /* Release */ = {
			isa = XCBuildConfiguration;
			buildSettings = {
				ALWAYS_EMBED_SWIFT_STANDARD_LIBRARIES = YES;
				BUNDLE_LOADER = "$(TEST_HOST)";
				CODE_SIGN_STYLE = Automatic;
				CURRENT_PROJECT_VERSION = 1;
				DEVELOPMENT_TEAM = KP3Q74P96R;
				GENERATE_INFOPLIST_FILE = YES;
				IPHONEOS_DEPLOYMENT_TARGET = 15.2;
				MARKETING_VERSION = 1.0;
				PRODUCT_BUNDLE_IDENTIFIER = com.junghun.HelloiOSTests;
				PRODUCT_NAME = "$(TARGET_NAME)";
				SWIFT_EMIT_LOC_STRINGS = NO;
				SWIFT_VERSION = 5.0;
				TARGETED_DEVICE_FAMILY = "1,2";
				TEST_HOST = "$(BUILT_PRODUCTS_DIR)/HelloiOS.app/HelloiOS";
			};
			name = Release;
		};
		A7799F0628BCA52E0056A33B /* Debug */ = {
			isa = XCBuildConfiguration;
			buildSettings = {
				ALWAYS_EMBED_SWIFT_STANDARD_LIBRARIES = YES;
				CODE_SIGN_STYLE = Automatic;
				CURRENT_PROJECT_VERSION = 1;
				DEVELOPMENT_TEAM = KP3Q74P96R;
				GENERATE_INFOPLIST_FILE = YES;
				MARKETING_VERSION = 1.0;
				PRODUCT_BUNDLE_IDENTIFIER = com.junghun.HelloiOSUITests;
				PRODUCT_NAME = "$(TARGET_NAME)";
				SWIFT_EMIT_LOC_STRINGS = NO;
				SWIFT_VERSION = 5.0;
				TARGETED_DEVICE_FAMILY = "1,2";
				TEST_TARGET_NAME = HelloiOS;
			};
			name = Debug;
		};
		A7799F0728BCA52E0056A33B /* Release */ = {
			isa = XCBuildConfiguration;
			buildSettings = {
				ALWAYS_EMBED_SWIFT_STANDARD_LIBRARIES = YES;
				CODE_SIGN_STYLE = Automatic;
				CURRENT_PROJECT_VERSION = 1;
				DEVELOPMENT_TEAM = KP3Q74P96R;
				GENERATE_INFOPLIST_FILE = YES;
				MARKETING_VERSION = 1.0;
				PRODUCT_BUNDLE_IDENTIFIER = com.junghun.HelloiOSUITests;
				PRODUCT_NAME = "$(TARGET_NAME)";
				SWIFT_EMIT_LOC_STRINGS = NO;
				SWIFT_VERSION = 5.0;
				TARGETED_DEVICE_FAMILY = "1,2";
				TEST_TARGET_NAME = HelloiOS;
			};
			name = Release;
		};
/* End XCBuildConfiguration section */

/* Begin XCConfigurationList section */
		A7799ED028BCA52D0056A33B /* Build configuration list for PBXProject "HelloiOS" */ = {
			isa = XCConfigurationList;
			buildConfigurations = (
				A7799EFD28BCA52E0056A33B /* Debug */,
				A7799EFE28BCA52E0056A33B /* Release */,
			);
			defaultConfigurationIsVisible = 0;
			defaultConfigurationName = Release;
		};
		A7799EFF28BCA52E0056A33B /* Build configuration list for PBXNativeTarget "HelloiOS" */ = {
			isa = XCConfigurationList;
			buildConfigurations = (
				A7799F0028BCA52E0056A33B /* Debug */,
				A7799F0128BCA52E0056A33B /* Release */,
			);
			defaultConfigurationIsVisible = 0;
			defaultConfigurationName = Release;
		};
		A7799F0228BCA52E0056A33B /* Build configuration list for PBXNativeTarget "HelloiOSTests" */ = {
			isa = XCConfigurationList;
			buildConfigurations = (
				A7799F0328BCA52E0056A33B /* Debug */,
				A7799F0428BCA52E0056A33B /* Release */,
			);
			defaultConfigurationIsVisible = 0;
			defaultConfigurationName = Release;
		};
		A7799F0528BCA52E0056A33B /* Build configuration list for PBXNativeTarget "HelloiOSUITests" */ = {
			isa = XCConfigurationList;
			buildConfigurations = (
				A7799F0628BCA52E0056A33B /* Debug */,
				A7799F0728BCA52E0056A33B /* Release */,
			);
			defaultConfigurationIsVisible = 0;
			defaultConfigurationName = Release;
		};
/* End XCConfigurationList section */
	};
	rootObject = A7799ECD28BCA52D0056A33B /* Project object */;
}
